# This file is automatically @generated by Poetry 2.1.3 and should not be changed by hand.

[[package]]
name = "pystache"
version = "0.6.8"
description = "Mustache for Python"
optional = false
python-versions = ">=3.8"
groups = ["main"]
files = [
    {file = "pystache-0.6.8-py3-none-any.whl", hash = "sha256:7211e000974a6e06bce2d4d5cad8df03bcfffefd367209117376e4527a1c3cb8"},
    {file = "pystache-0.6.8.tar.gz", hash = "sha256:3707518e6a4d26dd189b07c10c669b1fc17df72684617c327bd3550e7075c72c"},
]

[package.extras]
cov = ["coverage", "coverage_python_version"]
doc = ["recommonmark", "sphinx", "sphinx_git", "sphinx_rtd_theme", "sphinxcontrib-apidoc"]
test = ["pytest", "pytest-cov"]

[metadata]
lock-version = "2.1"
python-versions = ">=3.13"
content-hash = "580766da64d3a4fd68641c614f8c28e8d72ff3eb5a0d6d777e35d241081cd67c"
